
Microsoft Visual Studio Solution File, Format Version 12.00
# Visual Studio Version 17
VisualStudioVersion = 17.4.33213.308
MinimumVisualStudioVersion = 10.0.40219.1
Project("{FAE04EC0-301F-11D3-BF4B-00C04F79EFBC}") = "PCDS2-Panaderia", "PCDS2-Panaderia\PCDS2-Panaderia.csproj", "{85038EF1-9EA6-4F06-879C-8250EFFCB7D8}"
EndProject
Global
	GlobalSection(SolutionConfigurationPlatforms) = preSolution
		Debug|Any CPU = Debug|Any CPU
		Release|Any CPU = Release|Any CPU
	EndGlobalSection
	GlobalSection(ProjectConfigurationPlatforms) = postSolution
		{85038EF1-9EA6-4F06-879C-8250EFFCB7D8}.Debug|Any CPU.ActiveCfg = Debug|Any CPU
		{85038EF1-9EA6-4F06-879C-8250EFFCB7D8}.Debug|Any CPU.Build.0 = Debug|Any CPU
		{85038EF1-9EA6-4F06-879C-8250EFFCB7D8}.Release|Any CPU.ActiveCfg = Release|Any CPU
		{85038EF1-9EA6-4F06-879C-8250EFFCB7D8}.Release|Any CPU.Build.0 = Release|Any CPU
	EndGlobalSection
	GlobalSection(SolutionProperties) = preSolution
		HideSolutionNode = FALSE
	EndGlobalSection
	GlobalSection(ExtensibilityGlobals) = postSolution
		SolutionGuid = {34750873-B286-467F-B88F-FF930DFB8547}
	EndGlobalSection
EndGlobal
